
Microsoft Visual Studio Solution File, Format Version 12.00
# Visual Studio Version 17
VisualStudioVersion = 17.14.36705.20
MinimumVisualStudioVersion = 10.0.40219.1
Project("{FAE04EC0-301F-11D3-BF4B-00C04F79EFBC}") = "RevealAIChat.Server", "RevealAIChat.Server\RevealAIChat.Server.csproj", "{BE76DD70-D36D-BF6B-25EE-61AE6091E7F9}"
EndProject
Global
	GlobalSection(SolutionConfigurationPlatforms) = preSolution
		Debug|Any CPU = Debug|Any CPU
		Release|Any CPU = Release|Any CPU
	EndGlobalSection
	GlobalSection(ProjectConfigurationPlatforms) = postSolution
		{BE76DD70-D36D-BF6B-25EE-61AE6091E7F9}.Debug|Any CPU.ActiveCfg = Debug|Any CPU
		{BE76DD70-D36D-BF6B-25EE-61AE6091E7F9}.Debug|Any CPU.Build.0 = Debug|Any CPU
		{BE76DD70-D36D-BF6B-25EE-61AE6091E7F9}.Release|Any CPU.ActiveCfg = Release|Any CPU
		{BE76DD70-D36D-BF6B-25EE-61AE6091E7F9}.Release|Any CPU.Build.0 = Release|Any CPU
	EndGlobalSection
	GlobalSection(SolutionProperties) = preSolution
		HideSolutionNode = FALSE
	EndGlobalSection
	GlobalSection(ExtensibilityGlobals) = postSolution
		SolutionGuid = {50F4D29F-89FB-4A57-ABD8-9ECE7A29F07E}
	EndGlobalSection
EndGlobal
